
Microsoft Visual Studio Solution File, Format Version 12.00
# Visual Studio Version 17
VisualStudioVersion = 17.5.002.0
MinimumVisualStudioVersion = 10.0.40219.1
Project("{2150E333-8FDC-42A3-9474-1A3956D46DE8}") = "blazinfra", "blazinfra", "{466617F0-0D86-4E33-B172-E6A7B9729D85}"
EndProject
Project("{9A19103F-16F7-4668-BE54-9A1E7A4F7556}") = "BlazInfra", "blazinfra\BlazInfra\BlazInfra.csproj", "{9FF2C964-8034-4958-8FB0-CD111240A57A}"
EndProject
Global
	GlobalSection(SolutionConfigurationPlatforms) = preSolution
		Debug|Any CPU = Debug|Any CPU
		Release|Any CPU = Release|Any CPU
	EndGlobalSection
	GlobalSection(ProjectConfigurationPlatforms) = postSolution
		{9FF2C964-8034-4958-8FB0-CD111240A57A}.Debug|Any CPU.ActiveCfg = Debug|Any CPU
		{9FF2C964-8034-4958-8FB0-CD111240A57A}.Debug|Any CPU.Build.0 = Debug|Any CPU
		{9FF2C964-8034-4958-8FB0-CD111240A57A}.Release|Any CPU.ActiveCfg = Release|Any CPU
		{9FF2C964-8034-4958-8FB0-CD111240A57A}.Release|Any CPU.Build.0 = Release|Any CPU
	EndGlobalSection
	GlobalSection(SolutionProperties) = preSolution
		HideSolutionNode = FALSE
	EndGlobalSection
	GlobalSection(NestedProjects) = preSolution
		{9FF2C964-8034-4958-8FB0-CD111240A57A} = {466617F0-0D86-4E33-B172-E6A7B9729D85}
	EndGlobalSection
	GlobalSection(ExtensibilityGlobals) = postSolution
		SolutionGuid = {A2AE51B4-6D66-4D28-A5F8-5052E0E0322F}
	EndGlobalSection
EndGlobal
